
Microsoft Visual Studio Solution File, Format Version 12.00
# Visual Studio 14
VisualStudioVersion = 14.0.25420.1
MinimumVisualStudioVersion = 10.0.40219.1
Project("{FAE04EC0-301F-11D3-BF4B-00C04F79EFBC}") = "DBHelper", "DBHelper\DBHelper.csproj", "{C513744C-1B72-4B7E-854D-7274B41416E8}"
EndProject
Project("{FAE04EC0-301F-11D3-BF4B-00C04F79EFBC}") = "Test_DBHelper", "Test_DBHelper\Test_DBHelper.csproj", "{1B9ACBB9-FFA5-4A82-9149-529567225FFC}"
EndProject
Global
	GlobalSection(SolutionConfigurationPlatforms) = preSolution
		Debug|Any CPU = Debug|Any CPU
		Release|Any CPU = Release|Any CPU
	EndGlobalSection
	GlobalSection(ProjectConfigurationPlatforms) = postSolution
		{C513744C-1B72-4B7E-854D-7274B41416E8}.Debug|Any CPU.ActiveCfg = Debug|Any CPU
		{C513744C-1B72-4B7E-854D-7274B41416E8}.Debug|Any CPU.Build.0 = Debug|Any CPU
		{C513744C-1B72-4B7E-854D-7274B41416E8}.Release|Any CPU.ActiveCfg = Release|Any CPU
		{C513744C-1B72-4B7E-854D-7274B41416E8}.Release|Any CPU.Build.0 = Release|Any CPU
		{1B9ACBB9-FFA5-4A82-9149-529567225FFC}.Debug|Any CPU.ActiveCfg = Debug|Any CPU
		{1B9ACBB9-FFA5-4A82-9149-529567225FFC}.Debug|Any CPU.Build.0 = Debug|Any CPU
		{1B9ACBB9-FFA5-4A82-9149-529567225FFC}.Release|Any CPU.ActiveCfg = Release|Any CPU
		{1B9ACBB9-FFA5-4A82-9149-529567225FFC}.Release|Any CPU.Build.0 = Release|Any CPU
	EndGlobalSection
	GlobalSection(SolutionProperties) = preSolution
		HideSolutionNode = FALSE
	EndGlobalSection
EndGlobal
